// !$*UTF8*$!
{
	archiveVersion = 1;
	classes = {
	};
	objectVersion = 46;
	objects = {

/* Begin PBXBuildFile section */
		149190D218CB6F9E004FFC8F /* BachHelper.h in Headers */ = {isa = PBXBuildFile; fileRef = 142980CB18A1CF07002422C8 /* BachHelper.h */; };
		149190D418CB6F9E004FFC8F /* BachConstants.h in Headers */ = {isa = PBXBuildFile; fileRef = 1434610818A690F10072FE29 /* BachConstants.h */; settings = {ATTRIBUTES = (Public, ); }; };
		149190D618CB6F9E004FFC8F /* BachRingBuffer.h in Headers */ = {isa = PBXBuildFile; fileRef = 14ADFD0B18A83BF00068C129 /* BachRingBuffer.h */; };
		149190D818CB6F9E004FFC8F /* BachStopwatch.h in Headers */ = {isa = PBXBuildFile; fileRef = 140A4E8518B909D3009AE87A /* BachStopwatch.h */; };
		149190DA18CB6F9E004FFC8F /* BachDispatch.h in Headers */ = {isa = PBXBuildFile; fileRef = 14012FDC189D7711008765B3 /* BachDispatch.h */; };
		149190DC18CB6F9E004FFC8F /* BachOperationQueue.h in Headers */ = {isa = PBXBuildFile; fileRef = 14D1486518C26917008460E1 /* BachOperationQueue.h */; };
		149190DE18CB6F9E004FFC8F /* BachConverter.h in Headers */ = {isa = PBXBuildFile; fileRef = 14012FEB189D9760008765B3 /* BachConverter.h */; };
		149190E018CB6F9E004FFC8F /* BachCoreAudioParser.h in Headers */ = {isa = PBXBuildFile; fileRef = 14012FD7189D7619008765B3 /* BachCoreAudioParser.h */; };
		149190E218CB6F9E004FFC8F /* BachParser.h in Headers */ = {isa = PBXBuildFile; fileRef = 14012FE2189D8DA8008765B3 /* BachParser.h */; };
		149190E318CB6F9E004FFC8F /* BachParserFactory.h in Headers */ = {isa = PBXBuildFile; fileRef = 14012FE3189D8ED0008765B3 /* BachParserFactory.h */; };
		149190E518CB6F9E004FFC8F /* BachParserType.h in Headers */ = {isa = PBXBuildFile; fileRef = 14012FEF189EA6C0008765B3 /* BachParserType.h */; };
		149190E618CB6F9E004FFC8F /* BachParserPropertyKeys.h in Headers */ = {isa = PBXBuildFile; fileRef = 14012FF4189EAAB9008765B3 /* BachParserPropertyKeys.h */; };
		149190E718CB6F9E004FFC8F /* BachFLACParser.h in Headers */ = {isa = PBXBuildFile; fileRef = 14DA1BB218A270DE00154B24 /* BachFLACParser.h */; };
		149190E918CB6F9E004FFC8F /* BachOutput.h in Headers */ = {isa = PBXBuildFile; fileRef = 14012FD1189D6824008765B3 /* BachOutput.h */; };
		149190EB18CB6F9E004FFC8F /* BachSource.h in Headers */ = {isa = PBXBuildFile; fileRef = 14012FC8189D65D6008765B3 /* BachSource.h */; };
		149190EC18CB6F9E004FFC8F /* BachFileSource.h in Headers */ = {isa = PBXBuildFile; fileRef = 14012FC9189D65F9008765B3 /* BachFileSource.h */; };
		149190EE18CB6F9E004FFC8F /* BachInput.h in Headers */ = {isa = PBXBuildFile; fileRef = 14012FCD189D681B008765B3 /* BachInput.h */; };
		149190F018CB6F9E004FFC8F /* BachSourceFactory.h in Headers */ = {isa = PBXBuildFile; fileRef = 14012FE7189D91D9008765B3 /* BachSourceFactory.h */; };
		1491912318CB7078004FFC8F /* Bach.h in Headers */ = {isa = PBXBuildFile; fileRef = 1491912118CB7078004FFC8F /* Bach.h */; settings = {ATTRIBUTES = (Public, ); }; };
		1491912418CB7078004FFC8F /* Bach.m in Sources */ = {isa = PBXBuildFile; fileRef = 1491912218CB7078004FFC8F /* Bach.m */; };
		1491912618CB7265004FFC8F /* BachHelper.m in Sources */ = {isa = PBXBuildFile; fileRef = 142980CC18A1CF07002422C8 /* BachHelper.m */; };
		1491912718CB7265004FFC8F /* BachConstants.m in Sources */ = {isa = PBXBuildFile; fileRef = 1434610918A690F10072FE29 /* BachConstants.m */; };
		1491912818CB7265004FFC8F /* BachRingBuffer.m in Sources */ = {isa = PBXBuildFile; fileRef = 14ADFD0C18A83BF00068C129 /* BachRingBuffer.m */; };
		1491912918CB7265004FFC8F /* BachStopwatch.m in Sources */ = {isa = PBXBuildFile; fileRef = 140A4E8618B909D3009AE87A /* BachStopwatch.m */; };
		1491912A18CB7265004FFC8F /* BachDispatch.m in Sources */ = {isa = PBXBuildFile; fileRef = 14012FDD189D7711008765B3 /* BachDispatch.m */; };
		1491912B18CB7265004FFC8F /* BachOperationQueue.m in Sources */ = {isa = PBXBuildFile; fileRef = 14D1486618C26917008460E1 /* BachOperationQueue.m */; };
		1491912C18CB7265004FFC8F /* BachConverter.m in Sources */ = {isa = PBXBuildFile; fileRef = 14012FEC189D9760008765B3 /* BachConverter.m */; };
		1491912D18CB7265004FFC8F /* BachCoreAudioParser.m in Sources */ = {isa = PBXBuildFile; fileRef = 14012FD8189D7619008765B3 /* BachCoreAudioParser.m */; };
		1491912E18CB7265004FFC8F /* BachParserFactory.m in Sources */ = {isa = PBXBuildFile; fileRef = 14012FE4189D8ED0008765B3 /* BachParserFactory.m */; };
		1491912F18CB7265004FFC8F /* BachFLACParser.m in Sources */ = {isa = PBXBuildFile; fileRef = 14DA1BB318A270DE00154B24 /* BachFLACParser.m */; };
		1491913018CB7265004FFC8F /* BachOutput.m in Sources */ = {isa = PBXBuildFile; fileRef = 14012FD2189D6824008765B3 /* BachOutput.m */; };
		1491913118CB7265004FFC8F /* BachFileSource.m in Sources */ = {isa = PBXBuildFile; fileRef = 14012FCA189D65F9008765B3 /* BachFileSource.m */; };
		1491913218CB7265004FFC8F /* BachInput.m in Sources */ = {isa = PBXBuildFile; fileRef = 14012FCE189D681B008765B3 /* BachInput.m */; };
		1491913318CB7265004FFC8F /* BachSourceFactory.m in Sources */ = {isa = PBXBuildFile; fileRef = 14012FE8189D91D9008765B3 /* BachSourceFactory.m */; };
		1491913418CB72A0004FFC8F /* FLAC.framework in Frameworks */ = {isa = PBXBuildFile; fileRef = 14012F90189D5BBD008765B3 /* FLAC.framework */; };
		1491913518CB72A9004FFC8F /* AudioToolbox.framework in Frameworks */ = {isa = PBXBuildFile; fileRef = 14012FE0189D7C47008765B3 /* AudioToolbox.framework */; };
		1491913618CB72A9004FFC8F /* AudioUnit.framework in Frameworks */ = {isa = PBXBuildFile; fileRef = 14012FD5189D6A99008765B3 /* AudioUnit.framework */; };
		1494332018CE84B800F3F315 /* BachCoreAudioMetadata.h in Headers */ = {isa = PBXBuildFile; fileRef = 1494331E18CE84B800F3F315 /* BachCoreAudioMetadata.h */; settings = {ATTRIBUTES = (Public, ); }; };
		1494332118CE84B800F3F315 /* BachCoreAudioMetadata.m in Sources */ = {isa = PBXBuildFile; fileRef = 1494331F18CE84B800F3F315 /* BachCoreAudioMetadata.m */; };
		1494332418CE84C300F3F315 /* BachFLACMetadata.h in Headers */ = {isa = PBXBuildFile; fileRef = 1494332218CE84C300F3F315 /* BachFLACMetadata.h */; settings = {ATTRIBUTES = (Public, ); }; };
		1494332518CE84C300F3F315 /* BachFLACMetadata.m in Sources */ = {isa = PBXBuildFile; fileRef = 1494332318CE84C300F3F315 /* BachFLACMetadata.m */; };
		1494332618CE857600F3F315 /* AVFoundation.framework in Frameworks */ = {isa = PBXBuildFile; fileRef = 1434611118A7D3F60072FE29 /* AVFoundation.framework */; };
		1494332918CF6F9600F3F315 /* BachFileTypes.h in Headers */ = {isa = PBXBuildFile; fileRef = 1494332718CF6F9600F3F315 /* BachFileTypes.h */; };
		1494332A18CF6F9600F3F315 /* BachFileTypes.m in Sources */ = {isa = PBXBuildFile; fileRef = 1494332818CF6F9600F3F315 /* BachFileTypes.m */; };
		1494332C18CF709A00F3F315 /* BachMetadata.m in Sources */ = {isa = PBXBuildFile; fileRef = 1494332B18CF709A00F3F315 /* BachMetadata.m */; };
		1494332D18CF713B00F3F315 /* BachMetadata.h in Headers */ = {isa = PBXBuildFile; fileRef = 1494331D18CE84AB00F3F315 /* BachMetadata.h */; settings = {ATTRIBUTES = (Public, ); }; };
/* End PBXBuildFile section */

/* Begin PBXFileReference section */
		14012F5D189D586E008765B3 /* Cocoa.framework */ = {isa = PBXFileReference; lastKnownFileType = wrapper.framework; name = Cocoa.framework; path = System/Library/Frameworks/Cocoa.framework; sourceTree = SDKROOT; };
		14012F60189D586E008765B3 /* Foundation.framework */ = {isa = PBXFileReference; lastKnownFileType = wrapper.framework; name = Foundation.framework; path = System/Library/Frameworks/Foundation.framework; sourceTree = SDKROOT; };
		14012F61189D586E008765B3 /* CoreData.framework */ = {isa = PBXFileReference; lastKnownFileType = wrapper.framework; name = CoreData.framework; path = System/Library/Frameworks/CoreData.framework; sourceTree = SDKROOT; };
		14012F62189D586E008765B3 /* AppKit.framework */ = {isa = PBXFileReference; lastKnownFileType = wrapper.framework; name = AppKit.framework; path = System/Library/Frameworks/AppKit.framework; sourceTree = SDKROOT; };
		14012F72189D586E008765B3 /* XCTest.framework */ = {isa = PBXFileReference; lastKnownFileType = wrapper.framework; name = XCTest.framework; path = Library/Frameworks/XCTest.framework; sourceTree = DEVELOPER_DIR; };
		14012F88189D58D1008765B3 /* CoreAudio.framework */ = {isa = PBXFileReference; lastKnownFileType = wrapper.framework; name = CoreAudio.framework; path = System/Library/Frameworks/CoreAudio.framework; sourceTree = SDKROOT; };
		14012F89189D58D1008765B3 /* CoreAudioKit.framework */ = {isa = PBXFileReference; lastKnownFileType = wrapper.framework; name = CoreAudioKit.framework; path = System/Library/Frameworks/CoreAudioKit.framework; sourceTree = SDKROOT; };
		14012F90189D5BBD008765B3 /* FLAC.framework */ = {isa = PBXFileReference; lastKnownFileType = wrapper.framework; name = FLAC.framework; path = "Audio-Frameworks/bin/flac/FLAC.framework"; sourceTree = "<group>"; };
		14012FC8189D65D6008765B3 /* BachSource.h */ = {isa = PBXFileReference; lastKnownFileType = sourcecode.c.h; path = BachSource.h; sourceTree = "<group>"; };
		14012FC9189D65F9008765B3 /* BachFileSource.h */ = {isa = PBXFileReference; fileEncoding = 4; lastKnownFileType = sourcecode.c.h; path = BachFileSource.h; sourceTree = "<group>"; };
		14012FCA189D65F9008765B3 /* BachFileSource.m */ = {isa = PBXFileReference; fileEncoding = 4; lastKnownFileType = sourcecode.c.objc; path = BachFileSource.m; sourceTree = "<group>"; };
		14012FCD189D681B008765B3 /* BachInput.h */ = {isa = PBXFileReference; fileEncoding = 4; lastKnownFileType = sourcecode.c.h; path = BachInput.h; sourceTree = "<group>"; };
		14012FCE189D681B008765B3 /* BachInput.m */ = {isa = PBXFileReference; fileEncoding = 4; lastKnownFileType = sourcecode.c.objc; path = BachInput.m; sourceTree = "<group>"; };
		14012FD1189D6824008765B3 /* BachOutput.h */ = {isa = PBXFileReference; fileEncoding = 4; lastKnownFileType = sourcecode.c.h; path = BachOutput.h; sourceTree = "<group>"; };
		14012FD2189D6824008765B3 /* BachOutput.m */ = {isa = PBXFileReference; fileEncoding = 4; lastKnownFileType = sourcecode.c.objc; path = BachOutput.m; sourceTree = "<group>"; };
		14012FD5189D6A99008765B3 /* AudioUnit.framework */ = {isa = PBXFileReference; lastKnownFileType = wrapper.framework; name = AudioUnit.framework; path = System/Library/Frameworks/AudioUnit.framework; sourceTree = SDKROOT; };
		14012FD7189D7619008765B3 /* BachCoreAudioParser.h */ = {isa = PBXFileReference; fileEncoding = 4; lastKnownFileType = sourcecode.c.h; path = BachCoreAudioParser.h; sourceTree = "<group>"; };
		14012FD8189D7619008765B3 /* BachCoreAudioParser.m */ = {isa = PBXFileReference; fileEncoding = 4; lastKnownFileType = sourcecode.c.objc; path = BachCoreAudioParser.m; sourceTree = "<group>"; };
		14012FDC189D7711008765B3 /* BachDispatch.h */ = {isa = PBXFileReference; fileEncoding = 4; lastKnownFileType = sourcecode.c.h; path = BachDispatch.h; sourceTree = "<group>"; };
		14012FDD189D7711008765B3 /* BachDispatch.m */ = {isa = PBXFileReference; fileEncoding = 4; lastKnownFileType = sourcecode.c.objc; path = BachDispatch.m; sourceTree = "<group>"; };
		14012FE0189D7C47008765B3 /* AudioToolbox.framework */ = {isa = PBXFileReference; lastKnownFileType = wrapper.framework; name = AudioToolbox.framework; path = System/Library/Frameworks/AudioToolbox.framework; sourceTree = SDKROOT; };
		14012FE2189D8DA8008765B3 /* BachParser.h */ = {isa = PBXFileReference; lastKnownFileType = sourcecode.c.h; path = BachParser.h; sourceTree = "<group>"; };
		14012FE3189D8ED0008765B3 /* BachParserFactory.h */ = {isa = PBXFileReference; fileEncoding = 4; lastKnownFileType = sourcecode.c.h; path = BachParserFactory.h; sourceTree = "<group>"; };
		14012FE4189D8ED0008765B3 /* BachParserFactory.m */ = {isa = PBXFileReference; fileEncoding = 4; lastKnownFileType = sourcecode.c.objc; path = BachParserFactory.m; sourceTree = "<group>"; };
		14012FE7189D91D9008765B3 /* BachSourceFactory.h */ = {isa = PBXFileReference; fileEncoding = 4; lastKnownFileType = sourcecode.c.h; path = BachSourceFactory.h; sourceTree = "<group>"; };
		14012FE8189D91D9008765B3 /* BachSourceFactory.m */ = {isa = PBXFileReference; fileEncoding = 4; lastKnownFileType = sourcecode.c.objc; path = BachSourceFactory.m; sourceTree = "<group>"; };
		14012FEB189D9760008765B3 /* BachConverter.h */ = {isa = PBXFileReference; fileEncoding = 4; lastKnownFileType = sourcecode.c.h; path = BachConverter.h; sourceTree = "<group>"; };
		14012FEC189D9760008765B3 /* BachConverter.m */ = {isa = PBXFileReference; fileEncoding = 4; lastKnownFileType = sourcecode.c.objc; path = BachConverter.m; sourceTree = "<group>"; };
		14012FEF189EA6C0008765B3 /* BachParserType.h */ = {isa = PBXFileReference; fileEncoding = 4; lastKnownFileType = sourcecode.c.h; path = BachParserType.h; sourceTree = "<group>"; };
		14012FF4189EAAB9008765B3 /* BachParserPropertyKeys.h */ = {isa = PBXFileReference; lastKnownFileType = sourcecode.c.h; path = BachParserPropertyKeys.h; sourceTree = "<group>"; };
		140A4E8518B909D3009AE87A /* BachStopwatch.h */ = {isa = PBXFileReference; fileEncoding = 4; lastKnownFileType = sourcecode.c.h; path = BachStopwatch.h; sourceTree = "<group>"; };
		140A4E8618B909D3009AE87A /* BachStopwatch.m */ = {isa = PBXFileReference; fileEncoding = 4; lastKnownFileType = sourcecode.c.objc; path = BachStopwatch.m; sourceTree = "<group>"; };
		142980CB18A1CF07002422C8 /* BachHelper.h */ = {isa = PBXFileReference; fileEncoding = 4; lastKnownFileType = sourcecode.c.h; path = BachHelper.h; sourceTree = "<group>"; };
		142980CC18A1CF07002422C8 /* BachHelper.m */ = {isa = PBXFileReference; fileEncoding = 4; lastKnownFileType = sourcecode.c.objc; path = BachHelper.m; sourceTree = "<group>"; };
		1434610818A690F10072FE29 /* BachConstants.h */ = {isa = PBXFileReference; fileEncoding = 4; lastKnownFileType = sourcecode.c.h; path = BachConstants.h; sourceTree = "<group>"; };
		1434610918A690F10072FE29 /* BachConstants.m */ = {isa = PBXFileReference; fileEncoding = 4; lastKnownFileType = sourcecode.c.objc; path = BachConstants.m; sourceTree = "<group>"; };
		1434611118A7D3F60072FE29 /* AVFoundation.framework */ = {isa = PBXFileReference; lastKnownFileType = wrapper.framework; name = AVFoundation.framework; path = System/Library/Frameworks/AVFoundation.framework; sourceTree = SDKROOT; };
		1491908A18CB612F004FFC8F /* CoreFoundation.framework */ = {isa = PBXFileReference; lastKnownFileType = wrapper.framework; name = CoreFoundation.framework; path = System/Library/Frameworks/CoreFoundation.framework; sourceTree = SDKROOT; };
		149190AE18CB6F7A004FFC8F /* Bach.framework */ = {isa = PBXFileReference; explicitFileType = wrapper.framework; includeInIndex = 0; path = Bach.framework; sourceTree = BUILT_PRODUCTS_DIR; };
		1491912118CB7078004FFC8F /* Bach.h */ = {isa = PBXFileReference; fileEncoding = 4; lastKnownFileType = sourcecode.c.h; path = Bach.h; sourceTree = "<group>"; };
		1491912218CB7078004FFC8F /* Bach.m */ = {isa = PBXFileReference; fileEncoding = 4; lastKnownFileType = sourcecode.c.objc; path = Bach.m; sourceTree = "<group>"; };
		1491912518CB7124004FFC8F /* Bach-Prefix.pch */ = {isa = PBXFileReference; lastKnownFileType = sourcecode.c.h; path = "Bach-Prefix.pch"; sourceTree = "<group>"; };
		1494331D18CE84AB00F3F315 /* BachMetadata.h */ = {isa = PBXFileReference; lastKnownFileType = sourcecode.c.h; path = BachMetadata.h; sourceTree = "<group>"; };
		1494331E18CE84B800F3F315 /* BachCoreAudioMetadata.h */ = {isa = PBXFileReference; fileEncoding = 4; lastKnownFileType = sourcecode.c.h; path = BachCoreAudioMetadata.h; sourceTree = "<group>"; };
		1494331F18CE84B800F3F315 /* BachCoreAudioMetadata.m */ = {isa = PBXFileReference; fileEncoding = 4; lastKnownFileType = sourcecode.c.objc; path = BachCoreAudioMetadata.m; sourceTree = "<group>"; };
		1494332218CE84C300F3F315 /* BachFLACMetadata.h */ = {isa = PBXFileReference; fileEncoding = 4; lastKnownFileType = sourcecode.c.h; path = BachFLACMetadata.h; sourceTree = "<group>"; };
		1494332318CE84C300F3F315 /* BachFLACMetadata.m */ = {isa = PBXFileReference; fileEncoding = 4; lastKnownFileType = sourcecode.c.objc; path = BachFLACMetadata.m; sourceTree = "<group>"; };
		1494332718CF6F9600F3F315 /* BachFileTypes.h */ = {isa = PBXFileReference; fileEncoding = 4; lastKnownFileType = sourcecode.c.h; path = BachFileTypes.h; sourceTree = "<group>"; };
		1494332818CF6F9600F3F315 /* BachFileTypes.m */ = {isa = PBXFileReference; fileEncoding = 4; lastKnownFileType = sourcecode.c.objc; path = BachFileTypes.m; sourceTree = "<group>"; };
		1494332B18CF709A00F3F315 /* BachMetadata.m */ = {isa = PBXFileReference; fileEncoding = 4; lastKnownFileType = sourcecode.c.objc; path = BachMetadata.m; sourceTree = "<group>"; };
		14ADFD0B18A83BF00068C129 /* BachRingBuffer.h */ = {isa = PBXFileReference; fileEncoding = 4; lastKnownFileType = sourcecode.c.h; path = BachRingBuffer.h; sourceTree = "<group>"; };
		14ADFD0C18A83BF00068C129 /* BachRingBuffer.m */ = {isa = PBXFileReference; fileEncoding = 4; lastKnownFileType = sourcecode.c.objc; path = BachRingBuffer.m; sourceTree = "<group>"; };
		14D1486518C26917008460E1 /* BachOperationQueue.h */ = {isa = PBXFileReference; fileEncoding = 4; lastKnownFileType = sourcecode.c.h; path = BachOperationQueue.h; sourceTree = "<group>"; };
		14D1486618C26917008460E1 /* BachOperationQueue.m */ = {isa = PBXFileReference; fileEncoding = 4; lastKnownFileType = sourcecode.c.objc; path = BachOperationQueue.m; sourceTree = "<group>"; };
		14D1486918C293D3008460E1 /* IOKit.framework */ = {isa = PBXFileReference; lastKnownFileType = wrapper.framework; name = IOKit.framework; path = System/Library/Frameworks/IOKit.framework; sourceTree = SDKROOT; };
		14DA1BB218A270DE00154B24 /* BachFLACParser.h */ = {isa = PBXFileReference; fileEncoding = 4; lastKnownFileType = sourcecode.c.h; path = BachFLACParser.h; sourceTree = "<group>"; };
		14DA1BB318A270DE00154B24 /* BachFLACParser.m */ = {isa = PBXFileReference; fileEncoding = 4; lastKnownFileType = sourcecode.c.objc; path = BachFLACParser.m; sourceTree = "<group>"; };
/* End PBXFileReference section */

/* Begin PBXFrameworksBuildPhase section */
		149190AA18CB6F7A004FFC8F /* Frameworks */ = {
			isa = PBXFrameworksBuildPhase;
			buildActionMask = 2147483647;
			files = (
				1494332618CE857600F3F315 /* AVFoundation.framework in Frameworks */,
				1491913518CB72A9004FFC8F /* AudioToolbox.framework in Frameworks */,
				1491913618CB72A9004FFC8F /* AudioUnit.framework in Frameworks */,
				1491913418CB72A0004FFC8F /* FLAC.framework in Frameworks */,
			);
			runOnlyForDeploymentPostprocessing = 0;
		};
/* End PBXFrameworksBuildPhase section */

/* Begin PBXGroup section */
		14012F50189D586E008765B3 = {
			isa = PBXGroup;
			children = (
				14012F63189D586E008765B3 /* Bach */,
				14012F5C189D586E008765B3 /* Frameworks */,
				14012F5B189D586E008765B3 /* Products */,
			);
			sourceTree = "<group>";
		};
		14012F5B189D586E008765B3 /* Products */ = {
			isa = PBXGroup;
			children = (
				149190AE18CB6F7A004FFC8F /* Bach.framework */,
			);
			name = Products;
			sourceTree = "<group>";
		};
		14012F5C189D586E008765B3 /* Frameworks */ = {
			isa = PBXGroup;
			children = (
				14D1486918C293D3008460E1 /* IOKit.framework */,
				1434611118A7D3F60072FE29 /* AVFoundation.framework */,
				14012FE0189D7C47008765B3 /* AudioToolbox.framework */,
				14012FD5189D6A99008765B3 /* AudioUnit.framework */,
				14012F90189D5BBD008765B3 /* FLAC.framework */,
				14012F88189D58D1008765B3 /* CoreAudio.framework */,
				14012F89189D58D1008765B3 /* CoreAudioKit.framework */,
				14012F5D189D586E008765B3 /* Cocoa.framework */,
				14012F72189D586E008765B3 /* XCTest.framework */,
				1491908A18CB612F004FFC8F /* CoreFoundation.framework */,
				14012F5F189D586E008765B3 /* Other Frameworks */,
			);
			name = Frameworks;
			sourceTree = "<group>";
		};
		14012F5F189D586E008765B3 /* Other Frameworks */ = {
			isa = PBXGroup;
			children = (
				14012F60189D586E008765B3 /* Foundation.framework */,
				14012F61189D586E008765B3 /* CoreData.framework */,
				14012F62189D586E008765B3 /* AppKit.framework */,
			);
			name = "Other Frameworks";
			sourceTree = "<group>";
		};
		14012F63189D586E008765B3 /* Bach */ = {
			isa = PBXGroup;
			children = (
				1494331C18CE83BC00F3F315 /* Metadata */,
				1434610F18A694850072FE29 /* Helpers */,
				14012FDB189D7680008765B3 /* Dispatch */,
				14012FC7189D63B1008765B3 /* Converter */,
				14012FC6189D63A9008765B3 /* Parser */,
				14012FC5189D63A4008765B3 /* Output */,
				14012FC4189D639E008765B3 /* Input */,
				14012F64189D586E008765B3 /* Supporting Files */,
				1491912118CB7078004FFC8F /* Bach.h */,
				1491912218CB7078004FFC8F /* Bach.m */,
			);
			path = Bach;
			sourceTree = "<group>";
		};
		14012F64189D586E008765B3 /* Supporting Files */ = {
			isa = PBXGroup;
			children = (
				1491912518CB7124004FFC8F /* Bach-Prefix.pch */,
			);
			name = "Supporting Files";
			sourceTree = "<group>";
		};
		14012FC4189D639E008765B3 /* Input */ = {
			isa = PBXGroup;
			children = (
				14012FC8189D65D6008765B3 /* BachSource.h */,
				14012FC9189D65F9008765B3 /* BachFileSource.h */,
				14012FCA189D65F9008765B3 /* BachFileSource.m */,
				14012FCD189D681B008765B3 /* BachInput.h */,
				14012FCE189D681B008765B3 /* BachInput.m */,
				14012FE7189D91D9008765B3 /* BachSourceFactory.h */,
				14012FE8189D91D9008765B3 /* BachSourceFactory.m */,
			);
			name = Input;
			sourceTree = "<group>";
		};
		14012FC5189D63A4008765B3 /* Output */ = {
			isa = PBXGroup;
			children = (
				14012FD1189D6824008765B3 /* BachOutput.h */,
				14012FD2189D6824008765B3 /* BachOutput.m */,
			);
			name = Output;
			sourceTree = "<group>";
		};
		14012FC6189D63A9008765B3 /* Parser */ = {
			isa = PBXGroup;
			children = (
				14012FD7189D7619008765B3 /* BachCoreAudioParser.h */,
				14012FD8189D7619008765B3 /* BachCoreAudioParser.m */,
				14012FE2189D8DA8008765B3 /* BachParser.h */,
				14012FE3189D8ED0008765B3 /* BachParserFactory.h */,
				14012FE4189D8ED0008765B3 /* BachParserFactory.m */,
				14012FEF189EA6C0008765B3 /* BachParserType.h */,
				14012FF4189EAAB9008765B3 /* BachParserPropertyKeys.h */,
				14DA1BB218A270DE00154B24 /* BachFLACParser.h */,
				14DA1BB318A270DE00154B24 /* BachFLACParser.m */,
			);
			name = Parser;
			sourceTree = "<group>";
		};
		14012FC7189D63B1008765B3 /* Converter */ = {
			isa = PBXGroup;
			children = (
				14012FEB189D9760008765B3 /* BachConverter.h */,
				14012FEC189D9760008765B3 /* BachConverter.m */,
			);
			name = Converter;
			sourceTree = "<group>";
		};
		14012FDB189D7680008765B3 /* Dispatch */ = {
			isa = PBXGroup;
			children = (
				14012FDC189D7711008765B3 /* BachDispatch.h */,
				14012FDD189D7711008765B3 /* BachDispatch.m */,
				14D1486518C26917008460E1 /* BachOperationQueue.h */,
				14D1486618C26917008460E1 /* BachOperationQueue.m */,
			);
			name = Dispatch;
			sourceTree = "<group>";
		};
		1434610F18A694850072FE29 /* Helpers */ = {
			isa = PBXGroup;
			children = (
				142980CB18A1CF07002422C8 /* BachHelper.h */,
				142980CC18A1CF07002422C8 /* BachHelper.m */,
				1434610818A690F10072FE29 /* BachConstants.h */,
				1434610918A690F10072FE29 /* BachConstants.m */,
				14ADFD0B18A83BF00068C129 /* BachRingBuffer.h */,
				14ADFD0C18A83BF00068C129 /* BachRingBuffer.m */,
				140A4E8518B909D3009AE87A /* BachStopwatch.h */,
				140A4E8618B909D3009AE87A /* BachStopwatch.m */,
				1494332718CF6F9600F3F315 /* BachFileTypes.h */,
				1494332818CF6F9600F3F315 /* BachFileTypes.m */,
			);
			name = Helpers;
			sourceTree = "<group>";
		};
		1494331C18CE83BC00F3F315 /* Metadata */ = {
			isa = PBXGroup;
			children = (
				1494331D18CE84AB00F3F315 /* BachMetadata.h */,
				1494332B18CF709A00F3F315 /* BachMetadata.m */,
				1494331E18CE84B800F3F315 /* BachCoreAudioMetadata.h */,
				1494331F18CE84B800F3F315 /* BachCoreAudioMetadata.m */,
				1494332218CE84C300F3F315 /* BachFLACMetadata.h */,
				1494332318CE84C300F3F315 /* BachFLACMetadata.m */,
			);
			name = Metadata;
			sourceTree = "<group>";
		};
/* End PBXGroup section */

/* Begin PBXHeadersBuildPhase section */
		149190AB18CB6F7A004FFC8F /* Headers */ = {
			isa = PBXHeadersBuildPhase;
			buildActionMask = 2147483647;
			files = (
				1491912318CB7078004FFC8F /* Bach.h in Headers */,
				1494332D18CF713B00F3F315 /* BachMetadata.h in Headers */,
				1494332018CE84B800F3F315 /* BachCoreAudioMetadata.h in Headers */,
				1494332418CE84C300F3F315 /* BachFLACMetadata.h in Headers */,
				149190D418CB6F9E004FFC8F /* BachConstants.h in Headers */,
				149190D218CB6F9E004FFC8F /* BachHelper.h in Headers */,
				149190D618CB6F9E004FFC8F /* BachRingBuffer.h in Headers */,
				149190D818CB6F9E004FFC8F /* BachStopwatch.h in Headers */,
				1494332918CF6F9600F3F315 /* BachFileTypes.h in Headers */,
				149190DA18CB6F9E004FFC8F /* BachDispatch.h in Headers */,
				149190DC18CB6F9E004FFC8F /* BachOperationQueue.h in Headers */,
				149190DE18CB6F9E004FFC8F /* BachConverter.h in Headers */,
				149190E018CB6F9E004FFC8F /* BachCoreAudioParser.h in Headers */,
				149190E218CB6F9E004FFC8F /* BachParser.h in Headers */,
				149190E318CB6F9E004FFC8F /* BachParserFactory.h in Headers */,
				149190E518CB6F9E004FFC8F /* BachParserType.h in Headers */,
				149190E618CB6F9E004FFC8F /* BachParserPropertyKeys.h in Headers */,
				149190E718CB6F9E004FFC8F /* BachFLACParser.h in Headers */,
				149190E918CB6F9E004FFC8F /* BachOutput.h in Headers */,
				149190EB18CB6F9E004FFC8F /* BachSource.h in Headers */,
				149190EC18CB6F9E004FFC8F /* BachFileSource.h in Headers */,
				149190EE18CB6F9E004FFC8F /* BachInput.h in Headers */,
				149190F018CB6F9E004FFC8F /* BachSourceFactory.h in Headers */,
			);
			runOnlyForDeploymentPostprocessing = 0;
		};
/* End PBXHeadersBuildPhase section */

/* Begin PBXNativeTarget section */
		149190AD18CB6F7A004FFC8F /* Bach */ = {
			isa = PBXNativeTarget;
			buildConfigurationList = 149190CC18CB6F7A004FFC8F /* Build configuration list for PBXNativeTarget "Bach" */;
			buildPhases = (
				149190A918CB6F7A004FFC8F /* Sources */,
				149190AA18CB6F7A004FFC8F /* Frameworks */,
				149190AB18CB6F7A004FFC8F /* Headers */,
				149190AC18CB6F7A004FFC8F /* Resources */,
			);
			buildRules = (
			);
			dependencies = (
			);
			name = Bach;
			productName = Bach;
			productReference = 149190AE18CB6F7A004FFC8F /* Bach.framework */;
			productType = "com.apple.product-type.framework";
		};
/* End PBXNativeTarget section */

/* Begin PBXProject section */
		14012F51189D586E008765B3 /* Project object */ = {
			isa = PBXProject;
			attributes = {
				LastUpgradeCheck = 0500;
				ORGANIZATIONNAME = "Christian Benincasa";
			};
			buildConfigurationList = 14012F54189D586E008765B3 /* Build configuration list for PBXProject "Bach" */;
			compatibilityVersion = "Xcode 3.2";
			developmentRegion = English;
			hasScannedForEncodings = 0;
			knownRegions = (
				en,
				Base,
			);
			mainGroup = 14012F50189D586E008765B3;
			productRefGroup = 14012F5B189D586E008765B3 /* Products */;
			projectDirPath = "";
			projectRoot = "";
			targets = (
				149190AD18CB6F7A004FFC8F /* Bach */,
			);
		};
/* End PBXProject section */

/* Begin PBXResourcesBuildPhase section */
		149190AC18CB6F7A004FFC8F /* Resources */ = {
			isa = PBXResourcesBuildPhase;
			buildActionMask = 2147483647;
			files = (
			);
			runOnlyForDeploymentPostprocessing = 0;
		};
/* End PBXResourcesBuildPhase section */

/* Begin PBXSourcesBuildPhase section */
		149190A918CB6F7A004FFC8F /* Sources */ = {
			isa = PBXSourcesBuildPhase;
			buildActionMask = 2147483647;
			files = (
				1491912618CB7265004FFC8F /* BachHelper.m in Sources */,
				1491912718CB7265004FFC8F /* BachConstants.m in Sources */,
				1491912818CB7265004FFC8F /* BachRingBuffer.m in Sources */,
				1491912918CB7265004FFC8F /* BachStopwatch.m in Sources */,
				1494332C18CF709A00F3F315 /* BachMetadata.m in Sources */,
				1494332518CE84C300F3F315 /* BachFLACMetadata.m in Sources */,
				1491912A18CB7265004FFC8F /* BachDispatch.m in Sources */,
				1491912B18CB7265004FFC8F /* BachOperationQueue.m in Sources */,
				1491912C18CB7265004FFC8F /* BachConverter.m in Sources */,
				1491912D18CB7265004FFC8F /* BachCoreAudioParser.m in Sources */,
				1491912E18CB7265004FFC8F /* BachParserFactory.m in Sources */,
				1491912F18CB7265004FFC8F /* BachFLACParser.m in Sources */,
				1494332A18CF6F9600F3F315 /* BachFileTypes.m in Sources */,
				1491913018CB7265004FFC8F /* BachOutput.m in Sources */,
				1491913118CB7265004FFC8F /* BachFileSource.m in Sources */,
				1494332118CE84B800F3F315 /* BachCoreAudioMetadata.m in Sources */,
				1491913218CB7265004FFC8F /* BachInput.m in Sources */,
				1491913318CB7265004FFC8F /* BachSourceFactory.m in Sources */,
				1491912418CB7078004FFC8F /* Bach.m in Sources */,
			);
			runOnlyForDeploymentPostprocessing = 0;
		};
/* End PBXSourcesBuildPhase section */

/* Begin XCBuildConfiguration section */
		14012F80189D586E008765B3 /* Debug */ = {
			isa = XCBuildConfiguration;
			buildSettings = {
				ALWAYS_SEARCH_USER_PATHS = NO;
				CLANG_CXX_LANGUAGE_STANDARD = "gnu++0x";
				CLANG_CXX_LIBRARY = "libc++";
				CLANG_ENABLE_OBJC_ARC = YES;
				CLANG_WARN_BOOL_CONVERSION = YES;
				CLANG_WARN_CONSTANT_CONVERSION = YES;
				CLANG_WARN_DIRECT_OBJC_ISA_USAGE = YES_ERROR;
				CLANG_WARN_EMPTY_BODY = YES;
				CLANG_WARN_ENUM_CONVERSION = YES;
				CLANG_WARN_INT_CONVERSION = YES;
				CLANG_WARN_OBJC_ROOT_CLASS = YES_ERROR;
				CLANG_WARN__DUPLICATE_METHOD_MATCH = YES;
				COPY_PHASE_STRIP = NO;
				GCC_C_LANGUAGE_STANDARD = gnu99;
				GCC_DYNAMIC_NO_PIC = NO;
				GCC_ENABLE_OBJC_EXCEPTIONS = YES;
				GCC_OPTIMIZATION_LEVEL = 0;
				GCC_PREPROCESSOR_DEFINITIONS = (
					"DEBUG=1",
					"$(inherited)",
				);
				GCC_SYMBOLS_PRIVATE_EXTERN = NO;
				GCC_WARN_64_TO_32_BIT_CONVERSION = YES;
				GCC_WARN_ABOUT_RETURN_TYPE = YES_ERROR;
				GCC_WARN_UNDECLARED_SELECTOR = YES;
				GCC_WARN_UNINITIALIZED_AUTOS = YES;
				GCC_WARN_UNUSED_FUNCTION = YES;
				GCC_WARN_UNUSED_VARIABLE = YES;
				LD_RUNPATH_SEARCH_PATHS = /Applications/Xcode.app/Contents/Developer/Library/Frameworks/;
				MACOSX_DEPLOYMENT_TARGET = 10.9;
				ONLY_ACTIVE_ARCH = YES;
				SDKROOT = macosx;
			};
			name = Debug;
		};
		14012F81189D586E008765B3 /* Release */ = {
			isa = XCBuildConfiguration;
			buildSettings = {
				ALWAYS_SEARCH_USER_PATHS = NO;
				CLANG_CXX_LANGUAGE_STANDARD = "gnu++0x";
				CLANG_CXX_LIBRARY = "libc++";
				CLANG_ENABLE_OBJC_ARC = YES;
				CLANG_WARN_BOOL_CONVERSION = YES;
				CLANG_WARN_CONSTANT_CONVERSION = YES;
				CLANG_WARN_DIRECT_OBJC_ISA_USAGE = YES_ERROR;
				CLANG_WARN_EMPTY_BODY = YES;
				CLANG_WARN_ENUM_CONVERSION = YES;
				CLANG_WARN_INT_CONVERSION = YES;
				CLANG_WARN_OBJC_ROOT_CLASS = YES_ERROR;
				CLANG_WARN__DUPLICATE_METHOD_MATCH = YES;
				COPY_PHASE_STRIP = YES;
				DEBUG_INFORMATION_FORMAT = "dwarf-with-dsym";
				ENABLE_NS_ASSERTIONS = NO;
				GCC_C_LANGUAGE_STANDARD = gnu99;
				GCC_ENABLE_OBJC_EXCEPTIONS = YES;
				GCC_WARN_64_TO_32_BIT_CONVERSION = YES;
				GCC_WARN_ABOUT_RETURN_TYPE = YES_ERROR;
				GCC_WARN_UNDECLARED_SELECTOR = YES;
				GCC_WARN_UNINITIALIZED_AUTOS = YES;
				GCC_WARN_UNUSED_FUNCTION = YES;
				GCC_WARN_UNUSED_VARIABLE = YES;
				LD_RUNPATH_SEARCH_PATHS = /Applications/Xcode.app/Contents/Developer/Library/Frameworks/;
				MACOSX_DEPLOYMENT_TARGET = 10.9;
				SDKROOT = macosx;
			};
			name = Release;
		};
		149190CD18CB6F7A004FFC8F /* Debug */ = {
			isa = XCBuildConfiguration;
			buildSettings = {
				COMBINE_HIDPI_IMAGES = YES;
				DEPLOYMENT_LOCATION = YES;
				DYLIB_COMPATIBILITY_VERSION = 1;
				DYLIB_CURRENT_VERSION = 1;
				FRAMEWORK_SEARCH_PATHS = (
					"$(inherited)",
					"/Users/christianbenincasa/Dev/objc/Bach/Audio-Frameworks/bin/flac",
				);
				FRAMEWORK_VERSION = A;
				GCC_PRECOMPILE_PREFIX_HEADER = YES;
				GCC_PREFIX_HEADER = "Bach/Bach-Prefix.pch";
				GCC_PREPROCESSOR_DEFINITIONS = "__BACH_DEBUG=1";
				INFOPLIST_FILE = "Bach/Bach-Info.plist";
				PRODUCT_NAME = "$(TARGET_NAME)";
				WRAPPER_EXTENSION = framework;
			};
			name = Debug;
		};
		149190CE18CB6F7A004FFC8F /* Release */ = {
			isa = XCBuildConfiguration;
			buildSettings = {
				COMBINE_HIDPI_IMAGES = YES;
				DEPLOYMENT_LOCATION = YES;
				DYLIB_COMPATIBILITY_VERSION = 1;
				DYLIB_CURRENT_VERSION = 1;
				FRAMEWORK_SEARCH_PATHS = (
					"$(inherited)",
					"/Users/christianbenincasa/Dev/objc/Bach/Audio-Frameworks/bin/flac",
				);
				FRAMEWORK_VERSION = A;
				GCC_PRECOMPILE_PREFIX_HEADER = YES;
				GCC_PREFIX_HEADER = "Bach/Bach-Prefix.pch";
				INFOPLIST_FILE = "Bach/Bach-Info.plist";
				PRODUCT_NAME = "$(TARGET_NAME)";
				WRAPPER_EXTENSION = framework;
			};
			name = Release;
		};
/* End XCBuildConfiguration section */

/* Begin XCConfigurationList section */
		14012F54189D586E008765B3 /* Build configuration list for PBXProject "Bach" */ = {
			isa = XCConfigurationList;
			buildConfigurations = (
				14012F80189D586E008765B3 /* Debug */,
				14012F81189D586E008765B3 /* Release */,
			);
			defaultConfigurationIsVisible = 0;
			defaultConfigurationName = Release;
		};
		149190CC18CB6F7A004FFC8F /* Build configuration list for PBXNativeTarget "Bach" */ = {
			isa = XCConfigurationList;
			buildConfigurations = (
				149190CD18CB6F7A004FFC8F /* Debug */,
				149190CE18CB6F7A004FFC8F /* Release */,
			);
			defaultConfigurationIsVisible = 0;
			defaultConfigurationName = Release;
		};
/* End XCConfigurationList section */
	};
	rootObject = 14012F51189D586E008765B3 /* Project object */;
}
